
Microsoft Visual Studio Solution File, Format Version 12.00
# Visual Studio Version 17
VisualStudioVersion = 17.0.32112.339
MinimumVisualStudioVersion = 10.0.40219.1
Project("{8BC9CEB8-8B4A-11D0-8D11-00A0C91BC942}") = "Lab6_Task2", "Lab6_Task2\Lab6_Task2.vcxproj", "{58375942-F67F-405B-8C44-3086670596EE}"
EndProject
Global
	GlobalSection(SolutionConfigurationPlatforms) = preSolution
		Debug|x64 = Debug|x64
		Debug|x86 = Debug|x86
		Release|x64 = Release|x64
		Release|x86 = Release|x86
	EndGlobalSection
	GlobalSection(ProjectConfigurationPlatforms) = postSolution
		{58375942-F67F-405B-8C44-3086670596EE}.Debug|x64.ActiveCfg = Debug|x64
		{58375942-F67F-405B-8C44-3086670596EE}.Debug|x64.Build.0 = Debug|x64
		{58375942-F67F-405B-8C44-3086670596EE}.Debug|x86.ActiveCfg = Debug|Win32
		{58375942-F67F-405B-8C44-3086670596EE}.Debug|x86.Build.0 = Debug|Win32
		{58375942-F67F-405B-8C44-3086670596EE}.Release|x64.ActiveCfg = Release|x64
		{58375942-F67F-405B-8C44-3086670596EE}.Release|x64.Build.0 = Release|x64
		{58375942-F67F-405B-8C44-3086670596EE}.Release|x86.ActiveCfg = Release|Win32
		{58375942-F67F-405B-8C44-3086670596EE}.Release|x86.Build.0 = Release|Win32
	EndGlobalSection
	GlobalSection(SolutionProperties) = preSolution
		HideSolutionNode = FALSE
	EndGlobalSection
	GlobalSection(ExtensibilityGlobals) = postSolution
		SolutionGuid = {779BF89F-BB6C-4CC8-848A-AE5A496C2B85}
	EndGlobalSection
EndGlobal
