
Microsoft Visual Studio Solution File, Format Version 12.00
# Visual Studio Version 17
VisualStudioVersion = 17.0.32112.339
MinimumVisualStudioVersion = 10.0.40219.1
Project("{8BC9CEB8-8B4A-11D0-8D11-00A0C91BC942}") = "Lab9_Task3", "Lab9_Task3\Lab9_Task3.vcxproj", "{270EA38F-F49A-4856-A75D-C87B91F05B02}"
EndProject
Global
	GlobalSection(SolutionConfigurationPlatforms) = preSolution
		Debug|x64 = Debug|x64
		Debug|x86 = Debug|x86
		Release|x64 = Release|x64
		Release|x86 = Release|x86
	EndGlobalSection
	GlobalSection(ProjectConfigurationPlatforms) = postSolution
		{270EA38F-F49A-4856-A75D-C87B91F05B02}.Debug|x64.ActiveCfg = Debug|x64
		{270EA38F-F49A-4856-A75D-C87B91F05B02}.Debug|x64.Build.0 = Debug|x64
		{270EA38F-F49A-4856-A75D-C87B91F05B02}.Debug|x86.ActiveCfg = Debug|Win32
		{270EA38F-F49A-4856-A75D-C87B91F05B02}.Debug|x86.Build.0 = Debug|Win32
		{270EA38F-F49A-4856-A75D-C87B91F05B02}.Release|x64.ActiveCfg = Release|x64
		{270EA38F-F49A-4856-A75D-C87B91F05B02}.Release|x64.Build.0 = Release|x64
		{270EA38F-F49A-4856-A75D-C87B91F05B02}.Release|x86.ActiveCfg = Release|Win32
		{270EA38F-F49A-4856-A75D-C87B91F05B02}.Release|x86.Build.0 = Release|Win32
	EndGlobalSection
	GlobalSection(SolutionProperties) = preSolution
		HideSolutionNode = FALSE
	EndGlobalSection
	GlobalSection(ExtensibilityGlobals) = postSolution
		SolutionGuid = {C9992C70-8713-4277-AEBC-333FE00FD193}
	EndGlobalSection
EndGlobal
