
Microsoft Visual Studio Solution File, Format Version 12.00
# Visual Studio Version 17
VisualStudioVersion = 17.0.32112.339
MinimumVisualStudioVersion = 10.0.40219.1
Project("{8BC9CEB8-8B4A-11D0-8D11-00A0C91BC942}") = "Lab10_Task4", "Lab10_Task4\Lab10_Task4.vcxproj", "{144D8934-0BAD-4A5A-8C9C-9FEB002F15F1}"
EndProject
Global
	GlobalSection(SolutionConfigurationPlatforms) = preSolution
		Debug|x64 = Debug|x64
		Debug|x86 = Debug|x86
		Release|x64 = Release|x64
		Release|x86 = Release|x86
	EndGlobalSection
	GlobalSection(ProjectConfigurationPlatforms) = postSolution
		{144D8934-0BAD-4A5A-8C9C-9FEB002F15F1}.Debug|x64.ActiveCfg = Debug|x64
		{144D8934-0BAD-4A5A-8C9C-9FEB002F15F1}.Debug|x64.Build.0 = Debug|x64
		{144D8934-0BAD-4A5A-8C9C-9FEB002F15F1}.Debug|x86.ActiveCfg = Debug|Win32
		{144D8934-0BAD-4A5A-8C9C-9FEB002F15F1}.Debug|x86.Build.0 = Debug|Win32
		{144D8934-0BAD-4A5A-8C9C-9FEB002F15F1}.Release|x64.ActiveCfg = Release|x64
		{144D8934-0BAD-4A5A-8C9C-9FEB002F15F1}.Release|x64.Build.0 = Release|x64
		{144D8934-0BAD-4A5A-8C9C-9FEB002F15F1}.Release|x86.ActiveCfg = Release|Win32
		{144D8934-0BAD-4A5A-8C9C-9FEB002F15F1}.Release|x86.Build.0 = Release|Win32
	EndGlobalSection
	GlobalSection(SolutionProperties) = preSolution
		HideSolutionNode = FALSE
	EndGlobalSection
	GlobalSection(ExtensibilityGlobals) = postSolution
		SolutionGuid = {72361E96-CE32-4F15-94C1-C58BA20B7F9B}
	EndGlobalSection
EndGlobal
